
Microsoft Visual Studio Solution File, Format Version 12.00
# Visual Studio Version 16
VisualStudioVersion = 16.0.30711.63
MinimumVisualStudioVersion = 10.0.40219.1
Project("{FAE04EC0-301F-11D3-BF4B-00C04F79EFBC}") = "Project_Report", "Project_Report\Project_Report.csproj", "{0F479EC2-07D6-41B4-B22D-3E153BB1BFBD}"
EndProject
Global
	GlobalSection(SolutionConfigurationPlatforms) = preSolution
		Debug|Any CPU = Debug|Any CPU
		Release|Any CPU = Release|Any CPU
	EndGlobalSection
	GlobalSection(ProjectConfigurationPlatforms) = postSolution
		{0F479EC2-07D6-41B4-B22D-3E153BB1BFBD}.Debug|Any CPU.ActiveCfg = Debug|Any CPU
		{0F479EC2-07D6-41B4-B22D-3E153BB1BFBD}.Debug|Any CPU.Build.0 = Debug|Any CPU
		{0F479EC2-07D6-41B4-B22D-3E153BB1BFBD}.Release|Any CPU.ActiveCfg = Release|Any CPU
		{0F479EC2-07D6-41B4-B22D-3E153BB1BFBD}.Release|Any CPU.Build.0 = Release|Any CPU
	EndGlobalSection
	GlobalSection(SolutionProperties) = preSolution
		HideSolutionNode = FALSE
	EndGlobalSection
	GlobalSection(ExtensibilityGlobals) = postSolution
		SolutionGuid = {F700B919-70A6-4884-A0E3-3FC330D43F65}
	EndGlobalSection
EndGlobal
